
Microsoft Visual Studio Solution File, Format Version 12.00
# Visual Studio 14
VisualStudioVersion = 14.0.25123.0
MinimumVisualStudioVersion = 10.0.40219.1
Project("{FAE04EC0-301F-11D3-BF4B-00C04F79EFBC}") = "MazeSolver", "MazeSolver\MazeSolver.csproj", "{25A9315F-E007-4EAD-B182-BB0BCE29A039}"
EndProject
Project("{2150E333-8FDC-42A3-9474-1A3956D46DE8}") = "Solution Items", "Solution Items", "{47287D33-C832-420A-9E85-9BEBC31651F2}"
EndProject
Global
	GlobalSection(SolutionConfigurationPlatforms) = preSolution
		Debug|Any CPU = Debug|Any CPU
		Release|Any CPU = Release|Any CPU
	EndGlobalSection
	GlobalSection(ProjectConfigurationPlatforms) = postSolution
		{25A9315F-E007-4EAD-B182-BB0BCE29A039}.Debug|Any CPU.ActiveCfg = Debug|Any CPU
		{25A9315F-E007-4EAD-B182-BB0BCE29A039}.Debug|Any CPU.Build.0 = Debug|Any CPU
		{25A9315F-E007-4EAD-B182-BB0BCE29A039}.Release|Any CPU.ActiveCfg = Release|Any CPU
		{25A9315F-E007-4EAD-B182-BB0BCE29A039}.Release|Any CPU.Build.0 = Release|Any CPU
	EndGlobalSection
	GlobalSection(SolutionProperties) = preSolution
		HideSolutionNode = FALSE
	EndGlobalSection
EndGlobal
